// !$*UTF8*$!
{
	archiveVersion = 1;
	classes = {
	};
	objectVersion = 77;
	objects = {

/* Begin PBXBuildFile section */
		3FA493482D953B93004C7EBC /* APIKeys.xcconfig in Resources */ = {isa = PBXBuildFile; fileRef = 3FA493472D953B93004C7EBC /* APIKeys.xcconfig */; };
		3FCA11EC2D93BC5E00526227 /* client_601560301211-k7uqv0rph1c0t9kiu6e2eslrg1ba4ufj.apps.googleusercontent.com.plist in Resources */ = {isa = PBXBuildFile; fileRef = 3FCA11EB2D93BC5E00526227 /* client_601560301211-k7uqv0rph1c0t9kiu6e2eslrg1ba4ufj.apps.googleusercontent.com.plist */; };
		3FCA11EF2D93BE7900526227 /* GoogleSignIn in Frameworks */ = {isa = PBXBuildFile; productRef = 3FCA11EE2D93BE7900526227 /* GoogleSignIn */; };
		3FCA11F12D93BE7900526227 /* GoogleSignInSwift in Frameworks */ = {isa = PBXBuildFile; productRef = 3FCA11F02D93BE7900526227 /* GoogleSignInSwift */; };
/* End PBXBuildFile section */

/* Begin PBXContainerItemProxy section */
		3F21D73B2D8E3DBE0022688C /* PBXContainerItemProxy */ = {
			isa = PBXContainerItemProxy;
			containerPortal = 3F21D7222D8E3DBD0022688C /* Project object */;
			proxyType = 1;
			remoteGlobalIDString = 3F21D7292D8E3DBD0022688C;
			remoteInfo = Lotcation;
		};
		3F21D7452D8E3DBE0022688C /* PBXContainerItemProxy */ = {
			isa = PBXContainerItemProxy;
			containerPortal = 3F21D7222D8E3DBD0022688C /* Project object */;
			proxyType = 1;
			remoteGlobalIDString = 3F21D7292D8E3DBD0022688C;
			remoteInfo = Lotcation;
		};
/* End PBXContainerItemProxy section */

/* Begin PBXFileReference section */
		3F21D72A2D8E3DBD0022688C /* Lotcation.app */ = {isa = PBXFileReference; explicitFileType = wrapper.application; includeInIndex = 0; path = Lotcation.app; sourceTree = BUILT_PRODUCTS_DIR; };
		3F21D73A2D8E3DBE0022688C /* LotcationTests.xctest */ = {isa = PBXFileReference; explicitFileType = wrapper.cfbundle; includeInIndex = 0; path = LotcationTests.xctest; sourceTree = BUILT_PRODUCTS_DIR; };
		3F21D7442D8E3DBE0022688C /* LotcationUITests.xctest */ = {isa = PBXFileReference; explicitFileType = wrapper.cfbundle; includeInIndex = 0; path = LotcationUITests.xctest; sourceTree = BUILT_PRODUCTS_DIR; };
		3FA493472D953B93004C7EBC /* APIKeys.xcconfig */ = {isa = PBXFileReference; lastKnownFileType = text.xcconfig; path = APIKeys.xcconfig; sourceTree = "<group>"; };
		3FB119BF2D9DEDCC00BEE0E4 /* CurrentStatus-2025-04-02.png */ = {isa = PBXFileReference; lastKnownFileType = image.png; path = "CurrentStatus-2025-04-02.png"; sourceTree = "<group>"; };
		3FCA11EB2D93BC5E00526227 /* client_601560301211-k7uqv0rph1c0t9kiu6e2eslrg1ba4ufj.apps.googleusercontent.com.plist */ = {isa = PBXFileReference; lastKnownFileType = text.plist.xml; path = "client_601560301211-k7uqv0rph1c0t9kiu6e2eslrg1ba4ufj.apps.googleusercontent.com.plist"; sourceTree = "<group>"; };
/* End PBXFileReference section */

/* Begin PBXFileSystemSynchronizedBuildFileExceptionSet section */
		3F21D7602D8F84CB0022688C /* Exceptions for "Lotcation" folder in "Lotcation" target */ = {
			isa = PBXFileSystemSynchronizedBuildFileExceptionSet;
			membershipExceptions = (
				Info.plist,
			);
			target = 3F21D7292D8E3DBD0022688C /* Lotcation */;
		};
/* End PBXFileSystemSynchronizedBuildFileExceptionSet section */

/* Begin PBXFileSystemSynchronizedRootGroup section */
		3F21D72C2D8E3DBD0022688C /* Lotcation */ = {
			isa = PBXFileSystemSynchronizedRootGroup;
			exceptions = (
				3F21D7602D8F84CB0022688C /* Exceptions for "Lotcation" folder in "Lotcation" target */,
			);
			path = Lotcation;
			sourceTree = "<group>";
		};
		3F21D73D2D8E3DBE0022688C /* LotcationTests */ = {
			isa = PBXFileSystemSynchronizedRootGroup;
			path = LotcationTests;
			sourceTree = "<group>";
		};
		3F21D7472D8E3DBE0022688C /* LotcationUITests */ = {
			isa = PBXFileSystemSynchronizedRootGroup;
			path = LotcationUITests;
			sourceTree = "<group>";
		};
/* End PBXFileSystemSynchronizedRootGroup section */

/* Begin PBXFrameworksBuildPhase section */
		3F21D7272D8E3DBD0022688C /* Frameworks */ = {
			isa = PBXFrameworksBuildPhase;
			buildActionMask = 2147483647;
			files = (
				3FCA11EF2D93BE7900526227 /* GoogleSignIn in Frameworks */,
				3FCA11F12D93BE7900526227 /* GoogleSignInSwift in Frameworks */,
			);
			runOnlyForDeploymentPostprocessing = 0;
		};
		3F21D7372D8E3DBE0022688C /* Frameworks */ = {
			isa = PBXFrameworksBuildPhase;
			buildActionMask = 2147483647;
			files = (
			);
			runOnlyForDeploymentPostprocessing = 0;
		};
		3F21D7412D8E3DBE0022688C /* Frameworks */ = {
			isa = PBXFrameworksBuildPhase;
			buildActionMask = 2147483647;
			files = (
			);
			runOnlyForDeploymentPostprocessing = 0;
		};
/* End PBXFrameworksBuildPhase section */

/* Begin PBXGroup section */
		3F21D7212D8E3DBD0022688C = {
			isa = PBXGroup;
			children = (
				3FB119BE2D9DED2200BEE0E4 /* images */,
				3FA493462D953ADE004C7EBC /* Config */,
				3FCA11EB2D93BC5E00526227 /* client_601560301211-k7uqv0rph1c0t9kiu6e2eslrg1ba4ufj.apps.googleusercontent.com.plist */,
				3F21D72C2D8E3DBD0022688C /* Lotcation */,
				3F21D73D2D8E3DBE0022688C /* LotcationTests */,
				3F21D7472D8E3DBE0022688C /* LotcationUITests */,
				3F21D72B2D8E3DBD0022688C /* Products */,
			);
			sourceTree = "<group>";
		};
		3F21D72B2D8E3DBD0022688C /* Products */ = {
			isa = PBXGroup;
			children = (
				3F21D72A2D8E3DBD0022688C /* Lotcation.app */,
				3F21D73A2D8E3DBE0022688C /* LotcationTests.xctest */,
				3F21D7442D8E3DBE0022688C /* LotcationUITests.xctest */,
			);
			name = Products;
			sourceTree = "<group>";
		};
		3FA493462D953ADE004C7EBC /* Config */ = {
			isa = PBXGroup;
			children = (
				3FA493472D953B93004C7EBC /* APIKeys.xcconfig */,
			);
			path = Config;
			sourceTree = "<group>";
		};
		3FB119BE2D9DED2200BEE0E4 /* images */ = {
			isa = PBXGroup;
			children = (
				3FB119BF2D9DEDCC00BEE0E4 /* CurrentStatus-2025-04-02.png */,
			);
			path = images;
			sourceTree = "<group>";
		};
/* End PBXGroup section */

/* Begin PBXNativeTarget section */
		3F21D7292D8E3DBD0022688C /* Lotcation */ = {
			isa = PBXNativeTarget;
			buildConfigurationList = 3F21D74E2D8E3DBE0022688C /* Build configuration list for PBXNativeTarget "Lotcation" */;
			buildPhases = (
				3F21D7262D8E3DBD0022688C /* Sources */,
				3F21D7272D8E3DBD0022688C /* Frameworks */,
				3F21D7282D8E3DBD0022688C /* Resources */,
			);
			buildRules = (
			);
			dependencies = (
			);
			fileSystemSynchronizedGroups = (
				3F21D72C2D8E3DBD0022688C /* Lotcation */,
			);
			name = Lotcation;
			packageProductDependencies = (
				3FCA11EE2D93BE7900526227 /* GoogleSignIn */,
				3FCA11F02D93BE7900526227 /* GoogleSignInSwift */,
			);
			productName = Lotcation;
			productReference = 3F21D72A2D8E3DBD0022688C /* Lotcation.app */;
			productType = "com.apple.product-type.application";
		};
		3F21D7392D8E3DBE0022688C /* LotcationTests */ = {
			isa = PBXNativeTarget;
			buildConfigurationList = 3F21D7512D8E3DBE0022688C /* Build configuration list for PBXNativeTarget "LotcationTests" */;
			buildPhases = (
				3F21D7362D8E3DBE0022688C /* Sources */,
				3F21D7372D8E3DBE0022688C /* Frameworks */,
				3F21D7382D8E3DBE0022688C /* Resources */,
			);
			buildRules = (
			);
			dependencies = (
				3F21D73C2D8E3DBE0022688C /* PBXTargetDependency */,
			);
			fileSystemSynchronizedGroups = (
				3F21D73D2D8E3DBE0022688C /* LotcationTests */,
			);
			name = LotcationTests;
			packageProductDependencies = (
			);
			productName = LotcationTests;
			productReference = 3F21D73A2D8E3DBE0022688C /* LotcationTests.xctest */;
			productType = "com.apple.product-type.bundle.unit-test";
		};
		3F21D7432D8E3DBE0022688C /* LotcationUITests */ = {
			isa = PBXNativeTarget;
			buildConfigurationList = 3F21D7542D8E3DBE0022688C /* Build configuration list for PBXNativeTarget "LotcationUITests" */;
			buildPhases = (
				3F21D7402D8E3DBE0022688C /* Sources */,
				3F21D7412D8E3DBE0022688C /* Frameworks */,
				3F21D7422D8E3DBE0022688C /* Resources */,
			);
			buildRules = (
			);
			dependencies = (
				3F21D7462D8E3DBE0022688C /* PBXTargetDependency */,
			);
			fileSystemSynchronizedGroups = (
				3F21D7472D8E3DBE0022688C /* LotcationUITests */,
			);
			name = LotcationUITests;
			packageProductDependencies = (
			);
			productName = LotcationUITests;
			productReference = 3F21D7442D8E3DBE0022688C /* LotcationUITests.xctest */;
			productType = "com.apple.product-type.bundle.ui-testing";
		};
/* End PBXNativeTarget section */

/* Begin PBXProject section */
		3F21D7222D8E3DBD0022688C /* Project object */ = {
			isa = PBXProject;
			attributes = {
				BuildIndependentTargetsInParallel = 1;
				LastSwiftUpdateCheck = 1620;
				LastUpgradeCheck = 1620;
				TargetAttributes = {
					3F21D7292D8E3DBD0022688C = {
						CreatedOnToolsVersion = 16.2;
					};
					3F21D7392D8E3DBE0022688C = {
						CreatedOnToolsVersion = 16.2;
						TestTargetID = 3F21D7292D8E3DBD0022688C;
					};
					3F21D7432D8E3DBE0022688C = {
						CreatedOnToolsVersion = 16.2;
						TestTargetID = 3F21D7292D8E3DBD0022688C;
					};
				};
			};
			buildConfigurationList = 3F21D7252D8E3DBD0022688C /* Build configuration list for PBXProject "Lotcation" */;
			developmentRegion = en;
			hasScannedForEncodings = 0;
			knownRegions = (
				en,
				Base,
			);
			mainGroup = 3F21D7212D8E3DBD0022688C;
			minimizedProjectReferenceProxies = 1;
			packageReferences = (
				3FCA11ED2D93BE7900526227 /* XCRemoteSwiftPackageReference "GoogleSignIn-iOS" */,
				3FCA12002D9406BF00526227 /* XCRemoteSwiftPackageReference "GoogleMaps-SP" */,
			);
			preferredProjectObjectVersion = 77;
			productRefGroup = 3F21D72B2D8E3DBD0022688C /* Products */;
			projectDirPath = "";
			projectRoot = "";
			targets = (
				3F21D7292D8E3DBD0022688C /* Lotcation */,
				3F21D7392D8E3DBE0022688C /* LotcationTests */,
				3F21D7432D8E3DBE0022688C /* LotcationUITests */,
			);
		};
/* End PBXProject section */

/* Begin PBXResourcesBuildPhase section */
		3F21D7282D8E3DBD0022688C /* Resources */ = {
			isa = PBXResourcesBuildPhase;
			buildActionMask = 2147483647;
			files = (
				3FA493482D953B93004C7EBC /* APIKeys.xcconfig in Resources */,
				3FCA11EC2D93BC5E00526227 /* client_601560301211-k7uqv0rph1c0t9kiu6e2eslrg1ba4ufj.apps.googleusercontent.com.plist in Resources */,
			);
			runOnlyForDeploymentPostprocessing = 0;
		};
		3F21D7382D8E3DBE0022688C /* Resources */ = {
			isa = PBXResourcesBuildPhase;
			buildActionMask = 2147483647;
			files = (
			);
			runOnlyForDeploymentPostprocessing = 0;
		};
		3F21D7422D8E3DBE0022688C /* Resources */ = {
			isa = PBXResourcesBuildPhase;
			buildActionMask = 2147483647;
			files = (
			);
			runOnlyForDeploymentPostprocessing = 0;
		};
/* End PBXResourcesBuildPhase section */

/* Begin PBXSourcesBuildPhase section */
		3F21D7262D8E3DBD0022688C /* Sources */ = {
			isa = PBXSourcesBuildPhase;
			buildActionMask = 2147483647;
			files = (
			);
			runOnlyForDeploymentPostprocessing = 0;
		};
		3F21D7362D8E3DBE0022688C /* Sources */ = {
			isa = PBXSourcesBuildPhase;
			buildActionMask = 2147483647;
			files = (
			);
			runOnlyForDeploymentPostprocessing = 0;
		};
		3F21D7402D8E3DBE0022688C /* Sources */ = {
			isa = PBXSourcesBuildPhase;
			buildActionMask = 2147483647;
			files = (
			);
			runOnlyForDeploymentPostprocessing = 0;
		};
/* End PBXSourcesBuildPhase section */

/* Begin PBXTargetDependency section */
		3F21D73C2D8E3DBE0022688C /* PBXTargetDependency */ = {
			isa = PBXTargetDependency;
			target = 3F21D7292D8E3DBD0022688C /* Lotcation */;
			targetProxy = 3F21D73B2D8E3DBE0022688C /* PBXContainerItemProxy */;
		};
		3F21D7462D8E3DBE0022688C /* PBXTargetDependency */ = {
			isa = PBXTargetDependency;
			target = 3F21D7292D8E3DBD0022688C /* Lotcation */;
			targetProxy = 3F21D7452D8E3DBE0022688C /* PBXContainerItemProxy */;
		};
/* End PBXTargetDependency section */

/* Begin XCBuildConfiguration section */
		3F21D74C2D8E3DBE0022688C /* Debug */ = {
			isa = XCBuildConfiguration;
			buildSettings = {
				ALWAYS_SEARCH_USER_PATHS = NO;
				ASSETCATALOG_COMPILER_GENERATE_SWIFT_ASSET_SYMBOL_EXTENSIONS = YES;
				CLANG_ANALYZER_NONNULL = YES;
				CLANG_ANALYZER_NUMBER_OBJECT_CONVERSION = YES_AGGRESSIVE;
				CLANG_CXX_LANGUAGE_STANDARD = "gnu++20";
				CLANG_ENABLE_MODULES = YES;
				CLANG_ENABLE_OBJC_ARC = YES;
				CLANG_ENABLE_OBJC_WEAK = YES;
				CLANG_WARN_BLOCK_CAPTURE_AUTORELEASING = YES;
				CLANG_WARN_BOOL_CONVERSION = YES;
				CLANG_WARN_COMMA = YES;
				CLANG_WARN_CONSTANT_CONVERSION = YES;
				CLANG_WARN_DEPRECATED_OBJC_IMPLEMENTATIONS = YES;
				CLANG_WARN_DIRECT_OBJC_ISA_USAGE = YES_ERROR;
				CLANG_WARN_DOCUMENTATION_COMMENTS = YES;
				CLANG_WARN_EMPTY_BODY = YES;
				CLANG_WARN_ENUM_CONVERSION = YES;
				CLANG_WARN_INFINITE_RECURSION = YES;
				CLANG_WARN_INT_CONVERSION = YES;
				CLANG_WARN_NON_LITERAL_NULL_CONVERSION = YES;
				CLANG_WARN_OBJC_IMPLICIT_RETAIN_SELF = YES;
				CLANG_WARN_OBJC_LITERAL_CONVERSION = YES;
				CLANG_WARN_OBJC_ROOT_CLASS = YES_ERROR;
				CLANG_WARN_QUOTED_INCLUDE_IN_FRAMEWORK_HEADER = YES;
				CLANG_WARN_RANGE_LOOP_ANALYSIS = YES;
				CLANG_WARN_STRICT_PROTOTYPES = YES;
				CLANG_WARN_SUSPICIOUS_MOVE = YES;
				CLANG_WARN_UNGUARDED_AVAILABILITY = YES_AGGRESSIVE;
				CLANG_WARN_UNREACHABLE_CODE = YES;
				CLANG_WARN__DUPLICATE_METHOD_MATCH = YES;
				COPY_PHASE_STRIP = NO;
				DEBUG_INFORMATION_FORMAT = dwarf;
				ENABLE_STRICT_OBJC_MSGSEND = YES;
				ENABLE_TESTABILITY = YES;
				ENABLE_USER_SCRIPT_SANDBOXING = YES;
				GCC_C_LANGUAGE_STANDARD = gnu17;
				GCC_DYNAMIC_NO_PIC = NO;
				GCC_NO_COMMON_BLOCKS = YES;
				GCC_OPTIMIZATION_LEVEL = 0;
				GCC_PREPROCESSOR_DEFINITIONS = (
					"DEBUG=1",
					"$(inherited)",
				);
				GCC_WARN_64_TO_32_BIT_CONVERSION = YES;
				GCC_WARN_ABOUT_RETURN_TYPE = YES_ERROR;
				GCC_WARN_UNDECLARED_SELECTOR = YES;
				GCC_WARN_UNINITIALIZED_AUTOS = YES_AGGRESSIVE;
				GCC_WARN_UNUSED_FUNCTION = YES;
				GCC_WARN_UNUSED_VARIABLE = YES;
				IPHONEOS_DEPLOYMENT_TARGET = 18.2;
				LOCALIZATION_PREFERS_STRING_CATALOGS = YES;
				MTL_ENABLE_DEBUG_INFO = INCLUDE_SOURCE;
				MTL_FAST_MATH = YES;
				ONLY_ACTIVE_ARCH = YES;
				SDKROOT = iphoneos;
				SWIFT_ACTIVE_COMPILATION_CONDITIONS = "DEBUG $(inherited)";
				SWIFT_OPTIMIZATION_LEVEL = "-Onone";
			};
			name = Debug;
		};
		3F21D74D2D8E3DBE0022688C /* Release */ = {
			isa = XCBuildConfiguration;
			buildSettings = {
				ALWAYS_SEARCH_USER_PATHS = NO;
				ASSETCATALOG_COMPILER_GENERATE_SWIFT_ASSET_SYMBOL_EXTENSIONS = YES;
				CLANG_ANALYZER_NONNULL = YES;
				CLANG_ANALYZER_NUMBER_OBJECT_CONVERSION = YES_AGGRESSIVE;
				CLANG_CXX_LANGUAGE_STANDARD = "gnu++20";
				CLANG_ENABLE_MODULES = YES;
				CLANG_ENABLE_OBJC_ARC = YES;
				CLANG_ENABLE_OBJC_WEAK = YES;
				CLANG_WARN_BLOCK_CAPTURE_AUTORELEASING = YES;
				CLANG_WARN_BOOL_CONVERSION = YES;
				CLANG_WARN_COMMA = YES;
				CLANG_WARN_CONSTANT_CONVERSION = YES;
				CLANG_WARN_DEPRECATED_OBJC_IMPLEMENTATIONS = YES;
				CLANG_WARN_DIRECT_OBJC_ISA_USAGE = YES_ERROR;
				CLANG_WARN_DOCUMENTATION_COMMENTS = YES;
				CLANG_WARN_EMPTY_BODY = YES;
				CLANG_WARN_ENUM_CONVERSION = YES;
				CLANG_WARN_INFINITE_RECURSION = YES;
				CLANG_WARN_INT_CONVERSION = YES;
				CLANG_WARN_NON_LITERAL_NULL_CONVERSION = YES;
				CLANG_WARN_OBJC_IMPLICIT_RETAIN_SELF = YES;
				CLANG_WARN_OBJC_LITERAL_CONVERSION = YES;
				CLANG_WARN_OBJC_ROOT_CLASS = YES_ERROR;
				CLANG_WARN_QUOTED_INCLUDE_IN_FRAMEWORK_HEADER = YES;
				CLANG_WARN_RANGE_LOOP_ANALYSIS = YES;
				CLANG_WARN_STRICT_PROTOTYPES = YES;
				CLANG_WARN_SUSPICIOUS_MOVE = YES;
				CLANG_WARN_UNGUARDED_AVAILABILITY = YES_AGGRESSIVE;
				CLANG_WARN_UNREACHABLE_CODE = YES;
				CLANG_WARN__DUPLICATE_METHOD_MATCH = YES;
				COPY_PHASE_STRIP = NO;
				DEBUG_INFORMATION_FORMAT = "dwarf-with-dsym";
				ENABLE_NS_ASSERTIONS = NO;
				ENABLE_STRICT_OBJC_MSGSEND = YES;
				ENABLE_USER_SCRIPT_SANDBOXING = YES;
				GCC_C_LANGUAGE_STANDARD = gnu17;
				GCC_NO_COMMON_BLOCKS = YES;
				GCC_WARN_64_TO_32_BIT_CONVERSION = YES;
				GCC_WARN_ABOUT_RETURN_TYPE = YES_ERROR;
				GCC_WARN_UNDECLARED_SELECTOR = YES;
				GCC_WARN_UNINITIALIZED_AUTOS = YES_AGGRESSIVE;
				GCC_WARN_UNUSED_FUNCTION = YES;
				GCC_WARN_UNUSED_VARIABLE = YES;
				IPHONEOS_DEPLOYMENT_TARGET = 18.2;
				LOCALIZATION_PREFERS_STRING_CATALOGS = YES;
				MTL_ENABLE_DEBUG_INFO = NO;
				MTL_FAST_MATH = YES;
				SDKROOT = iphoneos;
				SWIFT_COMPILATION_MODE = wholemodule;
				VALIDATE_PRODUCT = YES;
			};
			name = Release;
		};
		3F21D74F2D8E3DBE0022688C /* Debug */ = {
			isa = XCBuildConfiguration;
			buildSettings = {
				ASSETCATALOG_COMPILER_APPICON_NAME = AppIcon;
				ASSETCATALOG_COMPILER_GLOBAL_ACCENT_COLOR_NAME = AccentColor;
				CODE_SIGN_STYLE = Automatic;
				CURRENT_PROJECT_VERSION = 1;
				DEVELOPMENT_ASSET_PATHS = "\"Lotcation/Preview Content\"";
				ENABLE_PREVIEWS = YES;
				GENERATE_INFOPLIST_FILE = YES;
				INFOPLIST_FILE = Lotcation/Info.plist;
				INFOPLIST_KEY_UIApplicationSceneManifest_Generation = YES;
				INFOPLIST_KEY_UIApplicationSupportsIndirectInputEvents = YES;
				INFOPLIST_KEY_UILaunchScreen_Generation = YES;
				INFOPLIST_KEY_UISupportedInterfaceOrientations_iPad = "UIInterfaceOrientationPortrait UIInterfaceOrientationPortraitUpsideDown UIInterfaceOrientationLandscapeLeft UIInterfaceOrientationLandscapeRight";
				INFOPLIST_KEY_UISupportedInterfaceOrientations_iPhone = "UIInterfaceOrientationPortrait UIInterfaceOrientationLandscapeLeft UIInterfaceOrientationLandscapeRight";
				LD_RUNPATH_SEARCH_PATHS = (
					"$(inherited)",
					"@executable_path/Frameworks",
				);
				MARKETING_VERSION = 1.0;
				PRODUCT_BUNDLE_IDENTIFIER = com.lotcation.Lotcation;
				PRODUCT_NAME = "$(TARGET_NAME)";
				SWIFT_EMIT_LOC_STRINGS = YES;
				SWIFT_VERSION = 5.0;
				TARGETED_DEVICE_FAMILY = "1,2";
			};
			name = Debug;
		};
		3F21D7502D8E3DBE0022688C /* Release */ = {
			isa = XCBuildConfiguration;
			buildSettings = {
				ASSETCATALOG_COMPILER_APPICON_NAME = AppIcon;
				ASSETCATALOG_COMPILER_GLOBAL_ACCENT_COLOR_NAME = AccentColor;
				CODE_SIGN_STYLE = Automatic;
				CURRENT_PROJECT_VERSION = 1;
				DEVELOPMENT_ASSET_PATHS = "\"Lotcation/Preview Content\"";
				ENABLE_PREVIEWS = YES;
				GENERATE_INFOPLIST_FILE = YES;
				INFOPLIST_FILE = Lotcation/Info.plist;
				INFOPLIST_KEY_UIApplicationSceneManifest_Generation = YES;
				INFOPLIST_KEY_UIApplicationSupportsIndirectInputEvents = YES;
				INFOPLIST_KEY_UILaunchScreen_Generation = YES;
				INFOPLIST_KEY_UISupportedInterfaceOrientations_iPad = "UIInterfaceOrientationPortrait UIInterfaceOrientationPortraitUpsideDown UIInterfaceOrientationLandscapeLeft UIInterfaceOrientationLandscapeRight";
				INFOPLIST_KEY_UISupportedInterfaceOrientations_iPhone = "UIInterfaceOrientationPortrait UIInterfaceOrientationLandscapeLeft UIInterfaceOrientationLandscapeRight";
				LD_RUNPATH_SEARCH_PATHS = (
					"$(inherited)",
					"@executable_path/Frameworks",
				);
				MARKETING_VERSION = 1.0;
				PRODUCT_BUNDLE_IDENTIFIER = com.lotcation.Lotcation;
				PRODUCT_NAME = "$(TARGET_NAME)";
				SWIFT_EMIT_LOC_STRINGS = YES;
				SWIFT_VERSION = 5.0;
				TARGETED_DEVICE_FAMILY = "1,2";
			};
			name = Release;
		};
		3F21D7522D8E3DBE0022688C /* Debug */ = {
			isa = XCBuildConfiguration;
			buildSettings = {
				BUNDLE_LOADER = "$(TEST_HOST)";
				CODE_SIGN_STYLE = Automatic;
				CURRENT_PROJECT_VERSION = 1;
				GENERATE_INFOPLIST_FILE = YES;
				IPHONEOS_DEPLOYMENT_TARGET = 18.2;
				MARKETING_VERSION = 1.0;
				PRODUCT_BUNDLE_IDENTIFIER = com.lotcation.LotcationTests;
				PRODUCT_NAME = "$(TARGET_NAME)";
				SWIFT_EMIT_LOC_STRINGS = NO;
				SWIFT_VERSION = 5.0;
				TARGETED_DEVICE_FAMILY = "1,2";
				TEST_HOST = "$(BUILT_PRODUCTS_DIR)/Lotcation.app/$(BUNDLE_EXECUTABLE_FOLDER_PATH)/Lotcation";
			};
			name = Debug;
		};
		3F21D7532D8E3DBE0022688C /* Release */ = {
			isa = XCBuildConfiguration;
			buildSettings = {
				BUNDLE_LOADER = "$(TEST_HOST)";
				CODE_SIGN_STYLE = Automatic;
				CURRENT_PROJECT_VERSION = 1;
				GENERATE_INFOPLIST_FILE = YES;
				IPHONEOS_DEPLOYMENT_TARGET = 18.2;
				MARKETING_VERSION = 1.0;
				PRODUCT_BUNDLE_IDENTIFIER = com.lotcation.LotcationTests;
				PRODUCT_NAME = "$(TARGET_NAME)";
				SWIFT_EMIT_LOC_STRINGS = NO;
				SWIFT_VERSION = 5.0;
				TARGETED_DEVICE_FAMILY = "1,2";
				TEST_HOST = "$(BUILT_PRODUCTS_DIR)/Lotcation.app/$(BUNDLE_EXECUTABLE_FOLDER_PATH)/Lotcation";
			};
			name = Release;
		};
		3F21D7552D8E3DBE0022688C /* Debug */ = {
			isa = XCBuildConfiguration;
			buildSettings = {
				CODE_SIGN_STYLE = Automatic;
				CURRENT_PROJECT_VERSION = 1;
				GENERATE_INFOPLIST_FILE = YES;
				MARKETING_VERSION = 1.0;
				PRODUCT_BUNDLE_IDENTIFIER = com.lotcation.LotcationUITests;
				PRODUCT_NAME = "$(TARGET_NAME)";
				SWIFT_EMIT_LOC_STRINGS = NO;
				SWIFT_VERSION = 5.0;
				TARGETED_DEVICE_FAMILY = "1,2";
				TEST_TARGET_NAME = Lotcation;
			};
			name = Debug;
		};
		3F21D7562D8E3DBE0022688C /* Release */ = {
			isa = XCBuildConfiguration;
			buildSettings = {
				CODE_SIGN_STYLE = Automatic;
				CURRENT_PROJECT_VERSION = 1;
				GENERATE_INFOPLIST_FILE = YES;
				MARKETING_VERSION = 1.0;
				PRODUCT_BUNDLE_IDENTIFIER = com.lotcation.LotcationUITests;
				PRODUCT_NAME = "$(TARGET_NAME)";
				SWIFT_EMIT_LOC_STRINGS = NO;
				SWIFT_VERSION = 5.0;
				TARGETED_DEVICE_FAMILY = "1,2";
				TEST_TARGET_NAME = Lotcation;
			};
			name = Release;
		};
/* End XCBuildConfiguration section */

/* Begin XCConfigurationList section */
		3F21D7252D8E3DBD0022688C /* Build configuration list for PBXProject "Lotcation" */ = {
			isa = XCConfigurationList;
			buildConfigurations = (
				3F21D74C2D8E3DBE0022688C /* Debug */,
				3F21D74D2D8E3DBE0022688C /* Release */,
			);
			defaultConfigurationIsVisible = 0;
			defaultConfigurationName = Release;
		};
		3F21D74E2D8E3DBE0022688C /* Build configuration list for PBXNativeTarget "Lotcation" */ = {
			isa = XCConfigurationList;
			buildConfigurations = (
				3F21D74F2D8E3DBE0022688C /* Debug */,
				3F21D7502D8E3DBE0022688C /* Release */,
			);
			defaultConfigurationIsVisible = 0;
			defaultConfigurationName = Release;
		};
		3F21D7512D8E3DBE0022688C /* Build configuration list for PBXNativeTarget "LotcationTests" */ = {
			isa = XCConfigurationList;
			buildConfigurations = (
				3F21D7522D8E3DBE0022688C /* Debug */,
				3F21D7532D8E3DBE0022688C /* Release */,
			);
			defaultConfigurationIsVisible = 0;
			defaultConfigurationName = Release;
		};
		3F21D7542D8E3DBE0022688C /* Build configuration list for PBXNativeTarget "LotcationUITests" */ = {
			isa = XCConfigurationList;
			buildConfigurations = (
				3F21D7552D8E3DBE0022688C /* Debug */,
				3F21D7562D8E3DBE0022688C /* Release */,
			);
			defaultConfigurationIsVisible = 0;
			defaultConfigurationName = Release;
		};
/* End XCConfigurationList section */

/* Begin XCRemoteSwiftPackageReference section */
		3FCA11ED2D93BE7900526227 /* XCRemoteSwiftPackageReference "GoogleSignIn-iOS" */ = {
			isa = XCRemoteSwiftPackageReference;
			repositoryURL = "https://github.com/google/GoogleSignIn-iOS";
			requirement = {
				kind = upToNextMajorVersion;
				minimumVersion = 8.0.0;
			};
		};
		3FCA12002D9406BF00526227 /* XCRemoteSwiftPackageReference "GoogleMaps-SP" */ = {
			isa = XCRemoteSwiftPackageReference;
			repositoryURL = "https://github.com/YAtechnologies/GoogleMaps-SP.git";
			requirement = {
				kind = upToNextMajorVersion;
				minimumVersion = 7.2.0;
			};
		};
/* End XCRemoteSwiftPackageReference section */

/* Begin XCSwiftPackageProductDependency section */
		3FCA11EE2D93BE7900526227 /* GoogleSignIn */ = {
			isa = XCSwiftPackageProductDependency;
			package = 3FCA11ED2D93BE7900526227 /* XCRemoteSwiftPackageReference "GoogleSignIn-iOS" */;
			productName = GoogleSignIn;
		};
		3FCA11F02D93BE7900526227 /* GoogleSignInSwift */ = {
			isa = XCSwiftPackageProductDependency;
			package = 3FCA11ED2D93BE7900526227 /* XCRemoteSwiftPackageReference "GoogleSignIn-iOS" */;
			productName = GoogleSignInSwift;
		};
/* End XCSwiftPackageProductDependency section */
	};
	rootObject = 3F21D7222D8E3DBD0022688C /* Project object */;
}
